// !$*UTF8*$!
{
	archiveVersion = 1;
	classes = {
	};
	objectVersion = 46;
	objects = {

/* Begin PBXBuildFile section */
		344D73961A27B18900FE9777 /* main.cpp in Sources */ = {isa = PBXBuildFile; fileRef = 344D73951A27B18900FE9777 /* main.cpp */; };
		344D739D1A27B19700FE9777 /* GLUT.framework in Frameworks */ = {isa = PBXBuildFile; fileRef = 344D739C1A27B19700FE9777 /* GLUT.framework */; };
		344D739F1A27B19E00FE9777 /* OpenGL.framework in Frameworks */ = {isa = PBXBuildFile; fileRef = 344D739E1A27B19E00FE9777 /* OpenGL.framework */; };
/* End PBXBuildFile section */

/* Begin PBXCopyFilesBuildPhase section */
		344D73901A27B18900FE9777 /* CopyFiles */ = {
			isa = PBXCopyFilesBuildPhase;
			buildActionMask = 2147483647;
			dstPath = /usr/share/man/man1/;
			dstSubfolderSpec = 0;
			files = (
			);
			runOnlyForDeploymentPostprocessing = 1;
		};
/* End PBXCopyFilesBuildPhase section */

/* Begin PBXFileReference section */
		344D73921A27B18900FE9777 /* 25-2698_25-4602_25-5201_T10_T10_T10 */ = {isa = PBXFileReference; explicitFileType = "compiled.mach-o.executable"; includeInIndex = 0; path = "25-2698_25-4602_25-5201_T10_T10_T10"; sourceTree = BUILT_PRODUCTS_DIR; };
		344D73951A27B18900FE9777 /* main.cpp */ = {isa = PBXFileReference; lastKnownFileType = sourcecode.cpp.cpp; path = main.cpp; sourceTree = "<group>"; };
		344D739C1A27B19700FE9777 /* GLUT.framework */ = {isa = PBXFileReference; lastKnownFileType = wrapper.framework; name = GLUT.framework; path = System/Library/Frameworks/GLUT.framework; sourceTree = SDKROOT; };
		344D739E1A27B19E00FE9777 /* OpenGL.framework */ = {isa = PBXFileReference; lastKnownFileType = wrapper.framework; name = OpenGL.framework; path = System/Library/Frameworks/OpenGL.framework; sourceTree = SDKROOT; };
/* End PBXFileReference section */

/* Begin PBXFrameworksBuildPhase section */
		344D738F1A27B18900FE9777 /* Frameworks */ = {
			isa = PBXFrameworksBuildPhase;
			buildActionMask = 2147483647;
			files = (
				344D739F1A27B19E00FE9777 /* OpenGL.framework in Frameworks */,
				344D739D1A27B19700FE9777 /* GLUT.framework in Frameworks */,
			);
			runOnlyForDeploymentPostprocessing = 0;
		};
/* End PBXFrameworksBuildPhase section */

/* Begin PBXGroup section */
		344D73891A27B18900FE9777 = {
			isa = PBXGroup;
			children = (
				344D739E1A27B19E00FE9777 /* OpenGL.framework */,
				344D739C1A27B19700FE9777 /* GLUT.framework */,
				344D73941A27B18900FE9777 /* 25-2698_25-4602_25-5201_T10_T10_T10 */,
				344D73931A27B18900FE9777 /* Products */,
			);
			sourceTree = "<group>";
		};
		344D73931A27B18900FE9777 /* Products */ = {
			isa = PBXGroup;
			children = (
				344D73921A27B18900FE9777 /* 25-2698_25-4602_25-5201_T10_T10_T10 */,
			);
			name = Products;
			sourceTree = "<group>";
		};
		344D73941A27B18900FE9777 /* 25-2698_25-4602_25-5201_T10_T10_T10 */ = {
			isa = PBXGroup;
			children = (
				344D73951A27B18900FE9777 /* main.cpp */,
			);
			path = "25-2698_25-4602_25-5201_T10_T10_T10";
			sourceTree = "<group>";
		};
/* End PBXGroup section */

/* Begin PBXNativeTarget section */
		344D73911A27B18900FE9777 /* 25-2698_25-4602_25-5201_T10_T10_T10 */ = {
			isa = PBXNativeTarget;
			buildConfigurationList = 344D73991A27B18900FE9777 /* Build configuration list for PBXNativeTarget "25-2698_25-4602_25-5201_T10_T10_T10" */;
			buildPhases = (
				344D738E1A27B18900FE9777 /* Sources */,
				344D738F1A27B18900FE9777 /* Frameworks */,
				344D73901A27B18900FE9777 /* CopyFiles */,
			);
			buildRules = (
			);
			dependencies = (
			);
			name = "25-2698_25-4602_25-5201_T10_T10_T10";
			productName = "25-2698_25-4602_25-5201_T10_T10_T10";
			productReference = 344D73921A27B18900FE9777 /* 25-2698_25-4602_25-5201_T10_T10_T10 */;
			productType = "com.apple.product-type.tool";
		};
/* End PBXNativeTarget section */

/* Begin PBXProject section */
		344D738A1A27B18900FE9777 /* Project object */ = {
			isa = PBXProject;
			attributes = {
				LastUpgradeCheck = 0610;
				ORGANIZATIONNAME = Almgohar;
				TargetAttributes = {
					344D73911A27B18900FE9777 = {
						CreatedOnToolsVersion = 6.1;
					};
				};
			};
			buildConfigurationList = 344D738D1A27B18900FE9777 /* Build configuration list for PBXProject "25-2698_25-4602_25-5201_T10_T10_T10" */;
			compatibilityVersion = "Xcode 3.2";
			developmentRegion = English;
			hasScannedForEncodings = 0;
			knownRegions = (
				en,
			);
			mainGroup = 344D73891A27B18900FE9777;
			productRefGroup = 344D73931A27B18900FE9777 /* Products */;
			projectDirPath = "";
			projectRoot = "";
			targets = (
				344D73911A27B18900FE9777 /* 25-2698_25-4602_25-5201_T10_T10_T10 */,
			);
		};
/* End PBXProject section */

/* Begin PBXSourcesBuildPhase section */
		344D738E1A27B18900FE9777 /* Sources */ = {
			isa = PBXSourcesBuildPhase;
			buildActionMask = 2147483647;
			files = (
				344D73961A27B18900FE9777 /* main.cpp in Sources */,
			);
			runOnlyForDeploymentPostprocessing = 0;
		};
/* End PBXSourcesBuildPhase section */

/* Begin XCBuildConfiguration section */
		344D73971A27B18900FE9777 /* Debug */ = {
			isa = XCBuildConfiguration;
			buildSettings = {
				ALWAYS_SEARCH_USER_PATHS = NO;
				CLANG_CXX_LANGUAGE_STANDARD = "gnu++0x";
				CLANG_CXX_LIBRARY = "libc++";
				CLANG_ENABLE_MODULES = YES;
				CLANG_ENABLE_OBJC_ARC = YES;
				CLANG_WARN_BOOL_CONVERSION = YES;
				CLANG_WARN_CONSTANT_CONVERSION = YES;
				CLANG_WARN_DIRECT_OBJC_ISA_USAGE = YES_ERROR;
				CLANG_WARN_EMPTY_BODY = YES;
				CLANG_WARN_ENUM_CONVERSION = YES;
				CLANG_WARN_INT_CONVERSION = YES;
				CLANG_WARN_OBJC_ROOT_CLASS = YES_ERROR;
				CLANG_WARN_UNREACHABLE_CODE = YES;
				CLANG_WARN__DUPLICATE_METHOD_MATCH = YES;
				COPY_PHASE_STRIP = NO;
				ENABLE_STRICT_OBJC_MSGSEND = YES;
				GCC_C_LANGUAGE_STANDARD = gnu99;
				GCC_DYNAMIC_NO_PIC = NO;
				GCC_OPTIMIZATION_LEVEL = 0;
				GCC_PREPROCESSOR_DEFINITIONS = (
					"DEBUG=1",
					"$(inherited)",
				);
				GCC_SYMBOLS_PRIVATE_EXTERN = NO;
				GCC_WARN_64_TO_32_BIT_CONVERSION = YES;
				GCC_WARN_ABOUT_RETURN_TYPE = YES_ERROR;
				GCC_WARN_UNDECLARED_SELECTOR = YES;
				GCC_WARN_UNINITIALIZED_AUTOS = YES_AGGRESSIVE;
				GCC_WARN_UNUSED_FUNCTION = YES;
				GCC_WARN_UNUSED_VARIABLE = YES;
				MACOSX_DEPLOYMENT_TARGET = 10.9;
				MTL_ENABLE_DEBUG_INFO = YES;
				ONLY_ACTIVE_ARCH = YES;
				SDKROOT = macosx;
			};
			name = Debug;
		};
		344D73981A27B18900FE9777 /* Release */ = {
			isa = XCBuildConfiguration;
			buildSettings = {
				ALWAYS_SEARCH_USER_PATHS = NO;
				CLANG_CXX_LANGUAGE_STANDARD = "gnu++0x";
				CLANG_CXX_LIBRARY = "libc++";
				CLANG_ENABLE_MODULES = YES;
				CLANG_ENABLE_OBJC_ARC = YES;
				CLANG_WARN_BOOL_CONVERSION = YES;
				CLANG_WARN_CONSTANT_CONVERSION = YES;
				CLANG_WARN_DIRECT_OBJC_ISA_USAGE = YES_ERROR;
				CLANG_WARN_EMPTY_BODY = YES;
				CLANG_WARN_ENUM_CONVERSION = YES;
				CLANG_WARN_INT_CONVERSION = YES;
				CLANG_WARN_OBJC_ROOT_CLASS = YES_ERROR;
				CLANG_WARN_UNREACHABLE_CODE = YES;
				CLANG_WARN__DUPLICATE_METHOD_MATCH = YES;
				COPY_PHASE_STRIP = YES;
				DEBUG_INFORMATION_FORMAT = "dwarf-with-dsym";
				ENABLE_NS_ASSERTIONS = NO;
				ENABLE_STRICT_OBJC_MSGSEND = YES;
				GCC_C_LANGUAGE_STANDARD = gnu99;
				GCC_WARN_64_TO_32_BIT_CONVERSION = YES;
				GCC_WARN_ABOUT_RETURN_TYPE = YES_ERROR;
				GCC_WARN_UNDECLARED_SELECTOR = YES;
				GCC_WARN_UNINITIALIZED_AUTOS = YES_AGGRESSIVE;
				GCC_WARN_UNUSED_FUNCTION = YES;
				GCC_WARN_UNUSED_VARIABLE = YES;
				MACOSX_DEPLOYMENT_TARGET = 10.9;
				MTL_ENABLE_DEBUG_INFO = NO;
				SDKROOT = macosx;
			};
			name = Release;
		};
		344D739A1A27B18900FE9777 /* Debug */ = {
			isa = XCBuildConfiguration;
			buildSettings = {
				PRODUCT_NAME = "$(TARGET_NAME)";
			};
			name = Debug;
		};
		344D739B1A27B18900FE9777 /* Release */ = {
			isa = XCBuildConfiguration;
			buildSettings = {
				PRODUCT_NAME = "$(TARGET_NAME)";
			};
			name = Release;
		};
/* End XCBuildConfiguration section */

/* Begin XCConfigurationList section */
		344D738D1A27B18900FE9777 /* Build configuration list for PBXProject "25-2698_25-4602_25-5201_T10_T10_T10" */ = {
			isa = XCConfigurationList;
			buildConfigurations = (
				344D73971A27B18900FE9777 /* Debug */,
				344D73981A27B18900FE9777 /* Release */,
			);
			defaultConfigurationIsVisible = 0;
			defaultConfigurationName = Release;
		};
		344D73991A27B18900FE9777 /* Build configuration list for PBXNativeTarget "25-2698_25-4602_25-5201_T10_T10_T10" */ = {
			isa = XCConfigurationList;
			buildConfigurations = (
				344D739A1A27B18900FE9777 /* Debug */,
				344D739B1A27B18900FE9777 /* Release */,
			);
			defaultConfigurationIsVisible = 0;
		};
/* End XCConfigurationList section */
	};
	rootObject = 344D738A1A27B18900FE9777 /* Project object */;
}
